// !$*UTF8*$!
{
	archiveVersion = 1;
	classes = {
	};
	objectVersion = 46;
	objects = {

/* Begin PBXBuildFile section */
		848D71581AC7B030005A9FD5 /* main.m in Sources */ = {isa = PBXBuildFile; fileRef = 848D71571AC7B030005A9FD5 /* main.m */; };
		848D715B1AC7B030005A9FD5 /* AppDelegate.m in Sources */ = {isa = PBXBuildFile; fileRef = 848D715A1AC7B030005A9FD5 /* AppDelegate.m */; };
		848D715E1AC7B030005A9FD5 /* MasterViewController.m in Sources */ = {isa = PBXBuildFile; fileRef = 848D715D1AC7B030005A9FD5 /* MasterViewController.m */; };
		848D71611AC7B030005A9FD5 /* DetailViewController.m in Sources */ = {isa = PBXBuildFile; fileRef = 848D71601AC7B030005A9FD5 /* DetailViewController.m */; };
		848D71641AC7B030005A9FD5 /* Main.storyboard in Resources */ = {isa = PBXBuildFile; fileRef = 848D71621AC7B030005A9FD5 /* Main.storyboard */; };
		848D71661AC7B030005A9FD5 /* Images.xcassets in Resources */ = {isa = PBXBuildFile; fileRef = 848D71651AC7B030005A9FD5 /* Images.xcassets */; };
		848D71691AC7B030005A9FD5 /* LaunchScreen.xib in Resources */ = {isa = PBXBuildFile; fileRef = 848D71671AC7B030005A9FD5 /* LaunchScreen.xib */; };
		848D71751AC7B030005A9FD5 /* TNiOSDriverTests.m in Sources */ = {isa = PBXBuildFile; fileRef = 848D71741AC7B030005A9FD5 /* TNiOSDriverTests.m */; };
/* End PBXBuildFile section */

/* Begin PBXContainerItemProxy section */
		848D716F1AC7B030005A9FD5 /* PBXContainerItemProxy */ = {
			isa = PBXContainerItemProxy;
			containerPortal = 848D714A1AC7B030005A9FD5 /* Project object */;
			proxyType = 1;
			remoteGlobalIDString = 848D71511AC7B030005A9FD5;
			remoteInfo = TNiOSDriver;
		};
/* End PBXContainerItemProxy section */

/* Begin PBXFileReference section */
		848D71521AC7B030005A9FD5 /* TNiOSDriver.app */ = {isa = PBXFileReference; explicitFileType = wrapper.application; includeInIndex = 0; path = TNiOSDriver.app; sourceTree = BUILT_PRODUCTS_DIR; };
		848D71561AC7B030005A9FD5 /* Info.plist */ = {isa = PBXFileReference; lastKnownFileType = text.plist.xml; path = Info.plist; sourceTree = "<group>"; };
		848D71571AC7B030005A9FD5 /* main.m */ = {isa = PBXFileReference; lastKnownFileType = sourcecode.c.objc; path = main.m; sourceTree = "<group>"; };
		848D71591AC7B030005A9FD5 /* AppDelegate.h */ = {isa = PBXFileReference; lastKnownFileType = sourcecode.c.h; path = AppDelegate.h; sourceTree = "<group>"; };
		848D715A1AC7B030005A9FD5 /* AppDelegate.m */ = {isa = PBXFileReference; lastKnownFileType = sourcecode.c.objc; path = AppDelegate.m; sourceTree = "<group>"; };
		848D715C1AC7B030005A9FD5 /* MasterViewController.h */ = {isa = PBXFileReference; lastKnownFileType = sourcecode.c.h; path = MasterViewController.h; sourceTree = "<group>"; };
		848D715D1AC7B030005A9FD5 /* MasterViewController.m */ = {isa = PBXFileReference; lastKnownFileType = sourcecode.c.objc; path = MasterViewController.m; sourceTree = "<group>"; };
		848D715F1AC7B030005A9FD5 /* DetailViewController.h */ = {isa = PBXFileReference; lastKnownFileType = sourcecode.c.h; path = DetailViewController.h; sourceTree = "<group>"; };
		848D71601AC7B030005A9FD5 /* DetailViewController.m */ = {isa = PBXFileReference; lastKnownFileType = sourcecode.c.objc; path = DetailViewController.m; sourceTree = "<group>"; };
		848D71631AC7B030005A9FD5 /* Base */ = {isa = PBXFileReference; lastKnownFileType = file.storyboard; name = Base; path = Base.lproj/Main.storyboard; sourceTree = "<group>"; };
		848D71651AC7B030005A9FD5 /* Images.xcassets */ = {isa = PBXFileReference; lastKnownFileType = folder.assetcatalog; path = Images.xcassets; sourceTree = "<group>"; };
		848D71681AC7B030005A9FD5 /* Base */ = {isa = PBXFileReference; lastKnownFileType = file.xib; name = Base; path = Base.lproj/LaunchScreen.xib; sourceTree = "<group>"; };
		848D716E1AC7B030005A9FD5 /* TNiOSDriverTests.xctest */ = {isa = PBXFileReference; explicitFileType = wrapper.cfbundle; includeInIndex = 0; path = TNiOSDriverTests.xctest; sourceTree = BUILT_PRODUCTS_DIR; };
		848D71731AC7B030005A9FD5 /* Info.plist */ = {isa = PBXFileReference; lastKnownFileType = text.plist.xml; path = Info.plist; sourceTree = "<group>"; };
		848D71741AC7B030005A9FD5 /* TNiOSDriverTests.m */ = {isa = PBXFileReference; lastKnownFileType = sourcecode.c.objc; path = TNiOSDriverTests.m; sourceTree = "<group>"; };
/* End PBXFileReference section */

/* Begin PBXFrameworksBuildPhase section */
		848D714F1AC7B030005A9FD5 /* Frameworks */ = {
			isa = PBXFrameworksBuildPhase;
			buildActionMask = 2147483647;
			files = (
			);
			runOnlyForDeploymentPostprocessing = 0;
		};
		848D716B1AC7B030005A9FD5 /* Frameworks */ = {
			isa = PBXFrameworksBuildPhase;
			buildActionMask = 2147483647;
			files = (
			);
			runOnlyForDeploymentPostprocessing = 0;
		};
/* End PBXFrameworksBuildPhase section */

/* Begin PBXGroup section */
		848D71491AC7B030005A9FD5 = {
			isa = PBXGroup;
			children = (
				848D71541AC7B030005A9FD5 /* TNiOSDriver */,
				848D71711AC7B030005A9FD5 /* TNiOSDriverTests */,
				848D71531AC7B030005A9FD5 /* Products */,
			);
			sourceTree = "<group>";
		};
		848D71531AC7B030005A9FD5 /* Products */ = {
			isa = PBXGroup;
			children = (
				848D71521AC7B030005A9FD5 /* TNiOSDriver.app */,
				848D716E1AC7B030005A9FD5 /* TNiOSDriverTests.xctest */,
			);
			name = Products;
			sourceTree = "<group>";
		};
		848D71541AC7B030005A9FD5 /* TNiOSDriver */ = {
			isa = PBXGroup;
			children = (
				848D71591AC7B030005A9FD5 /* AppDelegate.h */,
				848D715A1AC7B030005A9FD5 /* AppDelegate.m */,
				848D715C1AC7B030005A9FD5 /* MasterViewController.h */,
				848D715D1AC7B030005A9FD5 /* MasterViewController.m */,
				848D715F1AC7B030005A9FD5 /* DetailViewController.h */,
				848D71601AC7B030005A9FD5 /* DetailViewController.m */,
				848D71621AC7B030005A9FD5 /* Main.storyboard */,
				848D71651AC7B030005A9FD5 /* Images.xcassets */,
				848D71671AC7B030005A9FD5 /* LaunchScreen.xib */,
				848D71551AC7B030005A9FD5 /* Supporting Files */,
			);
			path = TNiOSDriver;
			sourceTree = "<group>";
		};
		848D71551AC7B030005A9FD5 /* Supporting Files */ = {
			isa = PBXGroup;
			children = (
				848D71561AC7B030005A9FD5 /* Info.plist */,
				848D71571AC7B030005A9FD5 /* main.m */,
			);
			name = "Supporting Files";
			sourceTree = "<group>";
		};
		848D71711AC7B030005A9FD5 /* TNiOSDriverTests */ = {
			isa = PBXGroup;
			children = (
				848D71741AC7B030005A9FD5 /* TNiOSDriverTests.m */,
				848D71721AC7B030005A9FD5 /* Supporting Files */,
			);
			path = TNiOSDriverTests;
			sourceTree = "<group>";
		};
		848D71721AC7B030005A9FD5 /* Supporting Files */ = {
			isa = PBXGroup;
			children = (
				848D71731AC7B030005A9FD5 /* Info.plist */,
			);
			name = "Supporting Files";
			sourceTree = "<group>";
		};
/* End PBXGroup section */

/* Begin PBXNativeTarget section */
		848D71511AC7B030005A9FD5 /* TNiOSDriver */ = {
			isa = PBXNativeTarget;
			buildConfigurationList = 848D71781AC7B030005A9FD5 /* Build configuration list for PBXNativeTarget "TNiOSDriver" */;
			buildPhases = (
				848D714E1AC7B030005A9FD5 /* Sources */,
				848D714F1AC7B030005A9FD5 /* Frameworks */,
				848D71501AC7B030005A9FD5 /* Resources */,
			);
			buildRules = (
			);
			dependencies = (
			);
			name = TNiOSDriver;
			productName = TNiOSDriver;
			productReference = 848D71521AC7B030005A9FD5 /* TNiOSDriver.app */;
			productType = "com.apple.product-type.application";
		};
		848D716D1AC7B030005A9FD5 /* TNiOSDriverTests */ = {
			isa = PBXNativeTarget;
			buildConfigurationList = 848D717B1AC7B030005A9FD5 /* Build configuration list for PBXNativeTarget "TNiOSDriverTests" */;
			buildPhases = (
				848D716A1AC7B030005A9FD5 /* Sources */,
				848D716B1AC7B030005A9FD5 /* Frameworks */,
				848D716C1AC7B030005A9FD5 /* Resources */,
			);
			buildRules = (
			);
			dependencies = (
				848D71701AC7B030005A9FD5 /* PBXTargetDependency */,
			);
			name = TNiOSDriverTests;
			productName = TNiOSDriverTests;
			productReference = 848D716E1AC7B030005A9FD5 /* TNiOSDriverTests.xctest */;
			productType = "com.apple.product-type.bundle.unit-test";
		};
/* End PBXNativeTarget section */

/* Begin PBXProject section */
		848D714A1AC7B030005A9FD5 /* Project object */ = {
			isa = PBXProject;
			attributes = {
				LastUpgradeCheck = 0620;
				ORGANIZATIONNAME = admin;
				TargetAttributes = {
					848D71511AC7B030005A9FD5 = {
						CreatedOnToolsVersion = 6.2;
					};
					848D716D1AC7B030005A9FD5 = {
						CreatedOnToolsVersion = 6.2;
						TestTargetID = 848D71511AC7B030005A9FD5;
					};
				};
			};
			buildConfigurationList = 848D714D1AC7B030005A9FD5 /* Build configuration list for PBXProject "TNiOSDriver" */;
			compatibilityVersion = "Xcode 3.2";
			developmentRegion = English;
			hasScannedForEncodings = 0;
			knownRegions = (
				en,
				Base,
			);
			mainGroup = 848D71491AC7B030005A9FD5;
			productRefGroup = 848D71531AC7B030005A9FD5 /* Products */;
			projectDirPath = "";
			projectRoot = "";
			targets = (
				848D71511AC7B030005A9FD5 /* TNiOSDriver */,
				848D716D1AC7B030005A9FD5 /* TNiOSDriverTests */,
			);
		};
/* End PBXProject section */

/* Begin PBXResourcesBuildPhase section */
		848D71501AC7B030005A9FD5 /* Resources */ = {
			isa = PBXResourcesBuildPhase;
			buildActionMask = 2147483647;
			files = (
				848D71641AC7B030005A9FD5 /* Main.storyboard in Resources */,
				848D71691AC7B030005A9FD5 /* LaunchScreen.xib in Resources */,
				848D71661AC7B030005A9FD5 /* Images.xcassets in Resources */,
			);
			runOnlyForDeploymentPostprocessing = 0;
		};
		848D716C1AC7B030005A9FD5 /* Resources */ = {
			isa = PBXResourcesBuildPhase;
			buildActionMask = 2147483647;
			files = (
			);
			runOnlyForDeploymentPostprocessing = 0;
		};
/* End PBXResourcesBuildPhase section */

/* Begin PBXSourcesBuildPhase section */
		848D714E1AC7B030005A9FD5 /* Sources */ = {
			isa = PBXSourcesBuildPhase;
			buildActionMask = 2147483647;
			files = (
				848D715B1AC7B030005A9FD5 /* AppDelegate.m in Sources */,
				848D715E1AC7B030005A9FD5 /* MasterViewController.m in Sources */,
				848D71581AC7B030005A9FD5 /* main.m in Sources */,
				848D71611AC7B030005A9FD5 /* DetailViewController.m in Sources */,
			);
			runOnlyForDeploymentPostprocessing = 0;
		};
		848D716A1AC7B030005A9FD5 /* Sources */ = {
			isa = PBXSourcesBuildPhase;
			buildActionMask = 2147483647;
			files = (
				848D71751AC7B030005A9FD5 /* TNiOSDriverTests.m in Sources */,
			);
			runOnlyForDeploymentPostprocessing = 0;
		};
/* End PBXSourcesBuildPhase section */

/* Begin PBXTargetDependency section */
		848D71701AC7B030005A9FD5 /* PBXTargetDependency */ = {
			isa = PBXTargetDependency;
			target = 848D71511AC7B030005A9FD5 /* TNiOSDriver */;
			targetProxy = 848D716F1AC7B030005A9FD5 /* PBXContainerItemProxy */;
		};
/* End PBXTargetDependency section */

/* Begin PBXVariantGroup section */
		848D71621AC7B030005A9FD5 /* Main.storyboard */ = {
			isa = PBXVariantGroup;
			children = (
				848D71631AC7B030005A9FD5 /* Base */,
			);
			name = Main.storyboard;
			sourceTree = "<group>";
		};
		848D71671AC7B030005A9FD5 /* LaunchScreen.xib */ = {
			isa = PBXVariantGroup;
			children = (
				848D71681AC7B030005A9FD5 /* Base */,
			);
			name = LaunchScreen.xib;
			sourceTree = "<group>";
		};
/* End PBXVariantGroup section */

/* Begin XCBuildConfiguration section */
		848D71761AC7B030005A9FD5 /* Debug */ = {
			isa = XCBuildConfiguration;
			buildSettings = {
				ALWAYS_SEARCH_USER_PATHS = NO;
				CLANG_CXX_LANGUAGE_STANDARD = "gnu++0x";
				CLANG_CXX_LIBRARY = "libc++";
				CLANG_ENABLE_MODULES = YES;
				CLANG_ENABLE_OBJC_ARC = YES;
				CLANG_WARN_BOOL_CONVERSION = YES;
				CLANG_WARN_CONSTANT_CONVERSION = YES;
				CLANG_WARN_DIRECT_OBJC_ISA_USAGE = YES_ERROR;
				CLANG_WARN_EMPTY_BODY = YES;
				CLANG_WARN_ENUM_CONVERSION = YES;
				CLANG_WARN_INT_CONVERSION = YES;
				CLANG_WARN_OBJC_ROOT_CLASS = YES_ERROR;
				CLANG_WARN_UNREACHABLE_CODE = YES;
				CLANG_WARN__DUPLICATE_METHOD_MATCH = YES;
				"CODE_SIGN_IDENTITY[sdk=iphoneos*]" = "iPhone Developer";
				COPY_PHASE_STRIP = NO;
				ENABLE_STRICT_OBJC_MSGSEND = YES;
				GCC_C_LANGUAGE_STANDARD = gnu99;
				GCC_DYNAMIC_NO_PIC = NO;
				GCC_OPTIMIZATION_LEVEL = 0;
				GCC_PREPROCESSOR_DEFINITIONS = (
					"DEBUG=1",
					"$(inherited)",
				);
				GCC_SYMBOLS_PRIVATE_EXTERN = NO;
				GCC_WARN_64_TO_32_BIT_CONVERSION = YES;
				GCC_WARN_ABOUT_RETURN_TYPE = YES_ERROR;
				GCC_WARN_UNDECLARED_SELECTOR = YES;
				GCC_WARN_UNINITIALIZED_AUTOS = YES_AGGRESSIVE;
				GCC_WARN_UNUSED_FUNCTION = YES;
				GCC_WARN_UNUSED_VARIABLE = YES;
				IPHONEOS_DEPLOYMENT_TARGET = 8.2;
				MTL_ENABLE_DEBUG_INFO = YES;
				ONLY_ACTIVE_ARCH = YES;
				SDKROOT = iphoneos;
				TARGETED_DEVICE_FAMILY = "1,2";
			};
			name = Debug;
		};
		848D71771AC7B030005A9FD5 /* Release */ = {
			isa = XCBuildConfiguration;
			buildSettings = {
				ALWAYS_SEARCH_USER_PATHS = NO;
				CLANG_CXX_LANGUAGE_STANDARD = "gnu++0x";
				CLANG_CXX_LIBRARY = "libc++";
				CLANG_ENABLE_MODULES = YES;
				CLANG_ENABLE_OBJC_ARC = YES;
				CLANG_WARN_BOOL_CONVERSION = YES;
				CLANG_WARN_CONSTANT_CONVERSION = YES;
				CLANG_WARN_DIRECT_OBJC_ISA_USAGE = YES_ERROR;
				CLANG_WARN_EMPTY_BODY = YES;
				CLANG_WARN_ENUM_CONVERSION = YES;
				CLANG_WARN_INT_CONVERSION = YES;
				CLANG_WARN_OBJC_ROOT_CLASS = YES_ERROR;
				CLANG_WARN_UNREACHABLE_CODE = YES;
				CLANG_WARN__DUPLICATE_METHOD_MATCH = YES;
				"CODE_SIGN_IDENTITY[sdk=iphoneos*]" = "iPhone Developer";
				COPY_PHASE_STRIP = NO;
				ENABLE_NS_ASSERTIONS = NO;
				ENABLE_STRICT_OBJC_MSGSEND = YES;
				GCC_C_LANGUAGE_STANDARD = gnu99;
				GCC_WARN_64_TO_32_BIT_CONVERSION = YES;
				GCC_WARN_ABOUT_RETURN_TYPE = YES_ERROR;
				GCC_WARN_UNDECLARED_SELECTOR = YES;
				GCC_WARN_UNINITIALIZED_AUTOS = YES_AGGRESSIVE;
				GCC_WARN_UNUSED_FUNCTION = YES;
				GCC_WARN_UNUSED_VARIABLE = YES;
				IPHONEOS_DEPLOYMENT_TARGET = 8.2;
				MTL_ENABLE_DEBUG_INFO = NO;
				SDKROOT = iphoneos;
				TARGETED_DEVICE_FAMILY = "1,2";
				VALIDATE_PRODUCT = YES;
			};
			name = Release;
		};
		848D71791AC7B030005A9FD5 /* Debug */ = {
			isa = XCBuildConfiguration;
			buildSettings = {
				ASSETCATALOG_COMPILER_APPICON_NAME = AppIcon;
				INFOPLIST_FILE = TNiOSDriver/Info.plist;
				LD_RUNPATH_SEARCH_PATHS = "$(inherited) @executable_path/Frameworks";
				PRODUCT_NAME = "$(TARGET_NAME)";
			};
			name = Debug;
		};
		848D717A1AC7B030005A9FD5 /* Release */ = {
			isa = XCBuildConfiguration;
			buildSettings = {
				ASSETCATALOG_COMPILER_APPICON_NAME = AppIcon;
				INFOPLIST_FILE = TNiOSDriver/Info.plist;
				LD_RUNPATH_SEARCH_PATHS = "$(inherited) @executable_path/Frameworks";
				PRODUCT_NAME = "$(TARGET_NAME)";
			};
			name = Release;
		};
		848D717C1AC7B030005A9FD5 /* Debug */ = {
			isa = XCBuildConfiguration;
			buildSettings = {
				BUNDLE_LOADER = "$(TEST_HOST)";
				FRAMEWORK_SEARCH_PATHS = (
					"$(SDKROOT)/Developer/Library/Frameworks",
					"$(inherited)",
				);
				GCC_PREPROCESSOR_DEFINITIONS = (
					"DEBUG=1",
					"$(inherited)",
				);
				INFOPLIST_FILE = TNiOSDriverTests/Info.plist;
				LD_RUNPATH_SEARCH_PATHS = "$(inherited) @executable_path/Frameworks @loader_path/Frameworks";
				PRODUCT_NAME = "$(TARGET_NAME)";
				TEST_HOST = "$(BUILT_PRODUCTS_DIR)/TNiOSDriver.app/TNiOSDriver";
			};
			name = Debug;
		};
		848D717D1AC7B030005A9FD5 /* Release */ = {
			isa = XCBuildConfiguration;
			buildSettings = {
				BUNDLE_LOADER = "$(TEST_HOST)";
				FRAMEWORK_SEARCH_PATHS = (
					"$(SDKROOT)/Developer/Library/Frameworks",
					"$(inherited)",
				);
				INFOPLIST_FILE = TNiOSDriverTests/Info.plist;
				LD_RUNPATH_SEARCH_PATHS = "$(inherited) @executable_path/Frameworks @loader_path/Frameworks";
				PRODUCT_NAME = "$(TARGET_NAME)";
				TEST_HOST = "$(BUILT_PRODUCTS_DIR)/TNiOSDriver.app/TNiOSDriver";
			};
			name = Release;
		};
/* End XCBuildConfiguration section */

/* Begin XCConfigurationList section */
		848D714D1AC7B030005A9FD5 /* Build configuration list for PBXProject "TNiOSDriver" */ = {
			isa = XCConfigurationList;
			buildConfigurations = (
				848D71761AC7B030005A9FD5 /* Debug */,
				848D71771AC7B030005A9FD5 /* Release */,
			);
			defaultConfigurationIsVisible = 0;
			defaultConfigurationName = Release;
		};
		848D71781AC7B030005A9FD5 /* Build configuration list for PBXNativeTarget "TNiOSDriver" */ = {
			isa = XCConfigurationList;
			buildConfigurations = (
				848D71791AC7B030005A9FD5 /* Debug */,
				848D717A1AC7B030005A9FD5 /* Release */,
			);
			defaultConfigurationIsVisible = 0;
		};
		848D717B1AC7B030005A9FD5 /* Build configuration list for PBXNativeTarget "TNiOSDriverTests" */ = {
			isa = XCConfigurationList;
			buildConfigurations = (
				848D717C1AC7B030005A9FD5 /* Debug */,
				848D717D1AC7B030005A9FD5 /* Release */,
			);
			defaultConfigurationIsVisible = 0;
		};
/* End XCConfigurationList section */
	};
	rootObject = 848D714A1AC7B030005A9FD5 /* Project object */;
}
